version: 2.0
shards:
  crystal_talib:
    git: https://github.com/fridgerator/crystal_talib.git
    version: 0.1.0

  habitat:
    git: https://github.com/luckyframework/habitat.git
    version: 0.4.7

  halite:
    git: https://github.com/icyleaf/halite.git
    version: 0.12.1

  vcr:
    git: https://github.com/spoved/vcr.cr.git
    version: 0.5.2

